{
    "name": "srng.dev",
    "version": "0.1.0",
    "lockfileVersion": 1,
    "requires": true,
    "dependencies": {
        "@babel/helper-validator-identifier": {
            "version": "7.12.11",
            "resolved": "https://registry.npmjs.org/@babel/helper-validator-identifier/-/helper-validator-identifier-7.12.11.tgz",
            "integrity": "sha512-np/lG3uARFybkoHokJUmf1QfEvRVCPbmQeUQpKow5cQ3xWrV9i3rUHodKDJPQfTVX61qKi+UdYk8kik84n7XOw=="
        },
        "@babel/parser": {
            "version": "7.13.12",
            "resolved": "https://registry.npmjs.org/@babel/parser/-/parser-7.13.12.tgz",
            "integrity": "sha512-4T7Pb244rxH24yR116LAuJ+adxXXnHhZaLJjegJVKSdoNCe4x1eDBaud5YIcQFcqzsaD5BHvJw5BQ0AZapdCRw=="
        },
        "@babel/types": {
            "version": "7.13.12",
            "resolved": "https://registry.npmjs.org/@babel/types/-/types-7.13.12.tgz",
            "integrity": "sha512-K4nY2xFN4QMvQwkQ+zmBDp6ANMbVNw6BbxWmYA4qNjhR9W+Lj/8ky5MEY2Me5r+B2c6/v6F53oMndG+f9s3IiA==",
            "requires": {
                "@babel/helper-validator-identifier": "^7.12.11",
                "lodash": "^4.17.19",
                "to-fast-properties": "^2.0.0"
            }
        },
        "@vue/compiler-core": {
            "version": "3.0.7",
            "resolved": "https://registry.npmjs.org/@vue/compiler-core/-/compiler-core-3.0.7.tgz",
            "integrity": "sha512-JFohgBXoyUc3mdeI2WxlhjQZ5fakfemJkZHX8Gu/nFbEg3+lKVUZmNKWmmnp9aOzJQZKoj77LjmFxiP+P+7lMQ==",
            "requires": {
                "@babel/parser": "^7.12.0",
                "@babel/types": "^7.12.0",
                "@vue/shared": "3.0.7",
                "estree-walker": "^2.0.1",
                "source-map": "^0.6.1"
            }
        },
        "@vue/compiler-dom": {
            "version": "3.0.7",
            "resolved": "https://registry.npmjs.org/@vue/compiler-dom/-/compiler-dom-3.0.7.tgz",
            "integrity": "sha512-VnIH9EbWQm/Tkcp+8dCaNVsVvhm/vxCrIKWRkXY9215hTqOqQOvejT8IMjd2kc++nIsYMsdQk6H9qqBvoLe/Cw==",
            "requires": {
                "@vue/compiler-core": "3.0.7",
                "@vue/shared": "3.0.7"
            }
        },
        "@vue/reactivity": {
            "version": "3.0.7",
            "resolved": "https://registry.npmjs.org/@vue/reactivity/-/reactivity-3.0.7.tgz",
            "integrity": "sha512-FotWcNNaKhqpFZrdgsUOZ1enlJ5lhTt01CNTtLSyK7jYFgZBTuw8vKsEutZKDYZ1XKotOfoeO8N3pZQqmM6Etw==",
            "requires": {
                "@vue/shared": "3.0.7"
            }
        },
        "@vue/runtime-core": {
            "version": "3.0.7",
            "resolved": "https://registry.npmjs.org/@vue/runtime-core/-/runtime-core-3.0.7.tgz",
            "integrity": "sha512-DBAZAwVvdmMXuyd6/9qqj/kYr/GaLTmn1L2/QLxLwP+UfhIboiTSBc/tUUb8MRk7Bb98GzNeAWkkT6AfooS3dQ==",
            "requires": {
                "@vue/reactivity": "3.0.7",
                "@vue/shared": "3.0.7"
            }
        },
        "@vue/runtime-dom": {
            "version": "3.0.7",
            "resolved": "https://registry.npmjs.org/@vue/runtime-dom/-/runtime-dom-3.0.7.tgz",
            "integrity": "sha512-Oij4ruOtnpQpCj+/Q3JPzgpTJ1Q7+N67pA53A8KVITEtxfvKL46NN6dhAZ5NGqwX6RWZpYqWQNewITeF0pHr8g==",
            "requires": {
                "@vue/runtime-core": "3.0.7",
                "@vue/shared": "3.0.7",
                "csstype": "^2.6.8"
            }
        },
        "@vue/shared": {
            "version": "3.0.7",
            "resolved": "https://registry.npmjs.org/@vue/shared/-/shared-3.0.7.tgz",
            "integrity": "sha512-dn5FyfSc4ky424jH4FntiHno7Ss5yLkqKNmM/NXwANRnlkmqu74pnGetexDFVG5phMk9/FhwovUZCWGxsotVKg=="
        },
        "balanced-match": {
            "version": "1.0.0",
            "resolved": "https://registry.npmjs.org/balanced-match/-/balanced-match-1.0.0.tgz",
            "integrity": "sha1-ibTRmasr7kneFk6gK4nORi1xt2c="
        },
        "brace-expansion": {
            "version": "1.1.11",
            "resolved": "https://registry.npmjs.org/brace-expansion/-/brace-expansion-1.1.11.tgz",
            "integrity": "sha512-iCuPHDFgrHX7H2vEI/5xpz07zSHB00TpugqhmYtVmMO6518mCuRMoOYFldEBl0g187ufozdaHgWKcYFb61qGiA==",
            "requires": {
                "balanced-match": "^1.0.0",
                "concat-map": "0.0.1"
            }
        },
        "cli": {
            "version": "1.0.1",
            "resolved": "https://registry.npmjs.org/cli/-/cli-1.0.1.tgz",
            "integrity": "sha1-IoF1NPJL+klQw01TLUjsvGIbjBQ=",
            "requires": {
                "exit": "0.1.2",
                "glob": "^7.1.1"
            }
        },
        "concat-map": {
            "version": "0.0.1",
            "resolved": "https://registry.npmjs.org/concat-map/-/concat-map-0.0.1.tgz",
            "integrity": "sha1-2Klr13/Wjfd5OnMDajug1UBdR3s="
        },
        "csstype": {
            "version": "2.6.16",
            "resolved": "https://registry.npmjs.org/csstype/-/csstype-2.6.16.tgz",
            "integrity": "sha512-61FBWoDHp/gRtsoDkq/B1nWrCUG/ok1E3tUrcNbZjsE9Cxd9yzUirjS3+nAATB8U4cTtaQmAHbNndoFz5L6C9Q=="
        },
        "estree-walker": {
            "version": "2.0.2",
            "resolved": "https://registry.npmjs.org/estree-walker/-/estree-walker-2.0.2.tgz",
            "integrity": "sha512-Rfkk/Mp/DL7JVje3u18FxFujQlTNR2q6QfMSMB7AvCBx91NGj/ba3kCfza0f6dVDbw7YlRf/nDrn7pQrCCyQ/w=="
        },
        "exit": {
            "version": "0.1.2",
            "resolved": "https://registry.npmjs.org/exit/-/exit-0.1.2.tgz",
            "integrity": "sha1-BjJjj42HfMghB9MKD/8aF8uhzQw="
        },
        "fs.realpath": {
            "version": "1.0.0",
            "resolved": "https://registry.npmjs.org/fs.realpath/-/fs.realpath-1.0.0.tgz",
            "integrity": "sha1-FQStJSMVjKpA20onh8sBQRmU6k8="
        },
        "glob": {
            "version": "7.1.6",
            "resolved": "https://registry.npmjs.org/glob/-/glob-7.1.6.tgz",
            "integrity": "sha512-LwaxwyZ72Lk7vZINtNNrywX0ZuLyStrdDtabefZKAY5ZGJhVtgdznluResxNmPitE0SAO+O26sWTHeKSI2wMBA==",
            "requires": {
                "fs.realpath": "^1.0.0",
                "inflight": "^1.0.4",
                "inherits": "2",
                "minimatch": "^3.0.4",
                "once": "^1.3.0",
                "path-is-absolute": "^1.0.0"
            }
        },
        "inflight": {
            "version": "1.0.6",
            "resolved": "https://registry.npmjs.org/inflight/-/inflight-1.0.6.tgz",
            "integrity": "sha1-Sb1jMdfQLQwJvJEKEHW6gWW1bfk=",
            "requires": {
                "once": "^1.3.0",
                "wrappy": "1"
            }
        },
        "inherits": {
            "version": "2.0.4",
            "resolved": "https://registry.npmjs.org/inherits/-/inherits-2.0.4.tgz",
            "integrity": "sha512-k/vGaX4/Yla3WzyMCvTQOXYeIHvqOKtnqBduzTHpzpQZzAskKMhZ2K+EnBiSM9zGSoIFeMpXKxa4dYeZIQqewQ=="
        },
        "lodash": {
            "version": "4.17.21",
            "resolved": "https://registry.npmjs.org/lodash/-/lodash-4.17.21.tgz",
            "integrity": "sha512-v2kDEe57lecTulaDIuNTPy3Ry4gLGJ6Z1O3vE1krgXZNrsQ+LFTGHVxVjcXPs17LhbZVGedAJv8XZ1tvj5FvSg=="
        },
        "minimatch": {
            "version": "3.0.4",
            "resolved": "https://registry.npmjs.org/minimatch/-/minimatch-3.0.4.tgz",
            "integrity": "sha512-yJHVQEhyqPLUTgt9B83PXu6W3rx4MvvHvSUvToogpwoGDOUQ+yDrR0HRot+yOCdCO7u4hX3pWft6kWBBcqh0UA==",
            "requires": {
                "brace-expansion": "^1.1.7"
            }
        },
        "once": {
            "version": "1.4.0",
            "resolved": "https://registry.npmjs.org/once/-/once-1.4.0.tgz",
            "integrity": "sha1-WDsap3WWHUsROsF9nFC6753Xa9E=",
            "requires": {
                "wrappy": "1"
            }
        },
        "path-is-absolute": {
            "version": "1.0.1",
            "resolved": "https://registry.npmjs.org/path-is-absolute/-/path-is-absolute-1.0.1.tgz",
            "integrity": "sha1-F0uSaHNVNP+8es5r9TpanhtcX18="
        },
        "source-map": {
            "version": "0.6.1",
            "resolved": "https://registry.npmjs.org/source-map/-/source-map-0.6.1.tgz",
            "integrity": "sha512-UjgapumWlbMhkBgzT7Ykc5YXUT46F0iKu8SGXq0bcwP5dz/h0Plj6enJqjz1Zbq2l5WaqYnrVbwWOWMyF3F47g=="
        },
        "to-fast-properties": {
            "version": "2.0.0",
            "resolved": "https://registry.npmjs.org/to-fast-properties/-/to-fast-properties-2.0.0.tgz",
            "integrity": "sha1-3F5pjL0HkmW8c+A3doGk5Og/YW4="
        },
        "vue": {
            "version": "3.0.7",
            "resolved": "https://registry.npmjs.org/vue/-/vue-3.0.7.tgz",
            "integrity": "sha512-8h4TikD+JabbMK9aRlBO4laG0AtNHRPHynxYgWZ9sq1YUPfzynd9Jeeb27XNyZytC7aCQRX9xe1+TQJuc181Tw==",
            "requires": {
                "@vue/compiler-dom": "3.0.7",
                "@vue/runtime-dom": "3.0.7",
                "@vue/shared": "3.0.7"
            }
        },
        "wrappy": {
            "version": "1.0.2",
            "resolved": "https://registry.npmjs.org/wrappy/-/wrappy-1.0.2.tgz",
            "integrity": "sha1-tSQ9jz7BqjXxNkYFvA0QNuMKtp8="
        }
    }
}
